// !$*UTF8*$!
{
	archiveVersion = 1;
	classes = {
	};
	objectVersion = 55;
	objects = {

/* Begin PBXBuildFile section */
		9018990A27721F5A0058AEA1 /* Alert.swift in Sources */ = {isa = PBXBuildFile; fileRef = 9018990927721F5A0058AEA1 /* Alert.swift */; };
		9018990C27721F7B0058AEA1 /* UIViewController+.swift in Sources */ = {isa = PBXBuildFile; fileRef = 9018990B27721F7B0058AEA1 /* UIViewController+.swift */; };
		90D9152B2771A6EE00A5F96B /* AppDelegate.swift in Sources */ = {isa = PBXBuildFile; fileRef = 90D9152A2771A6EE00A5F96B /* AppDelegate.swift */; };
		90D9152D2771A6EE00A5F96B /* SceneDelegate.swift in Sources */ = {isa = PBXBuildFile; fileRef = 90D9152C2771A6EE00A5F96B /* SceneDelegate.swift */; };
		90D9152F2771A6EE00A5F96B /* ViewController.swift in Sources */ = {isa = PBXBuildFile; fileRef = 90D9152E2771A6EE00A5F96B /* ViewController.swift */; };
		90D915322771A6EE00A5F96B /* Main.storyboard in Resources */ = {isa = PBXBuildFile; fileRef = 90D915302771A6EE00A5F96B /* Main.storyboard */; };
		90D915342771A6EF00A5F96B /* Assets.xcassets in Resources */ = {isa = PBXBuildFile; fileRef = 90D915332771A6EF00A5F96B /* Assets.xcassets */; };
		90D915372771A6EF00A5F96B /* LaunchScreen.storyboard in Resources */ = {isa = PBXBuildFile; fileRef = 90D915352771A6EF00A5F96B /* LaunchScreen.storyboard */; };
		90D915422771A6EF00A5F96B /* GithubRepositorySearchTests.swift in Sources */ = {isa = PBXBuildFile; fileRef = 90D915412771A6EF00A5F96B /* GithubRepositorySearchTests.swift */; };
		90D9155C2771A9EA00A5F96B /* ApiClient.swift in Sources */ = {isa = PBXBuildFile; fileRef = 90D9155B2771A9EA00A5F96B /* ApiClient.swift */; };
		90D9155F2771ACB700A5F96B /* String+.swift in Sources */ = {isa = PBXBuildFile; fileRef = 90D9155E2771ACB700A5F96B /* String+.swift */; };
		90D915642771B1C800A5F96B /* GithubSearchCode.swift in Sources */ = {isa = PBXBuildFile; fileRef = 90D915632771B1C800A5F96B /* GithubSearchCode.swift */; };
		90D915662771E3C500A5F96B /* ApiConfiguration.swift in Sources */ = {isa = PBXBuildFile; fileRef = 90D915652771E3C500A5F96B /* ApiConfiguration.swift */; };
		90D915682771E43100A5F96B /* URI.swift in Sources */ = {isa = PBXBuildFile; fileRef = 90D915672771E43100A5F96B /* URI.swift */; };
		90D9156A2772054000A5F96B /* Throttle.swift in Sources */ = {isa = PBXBuildFile; fileRef = 90D915692772054000A5F96B /* Throttle.swift */; };
		90D9156C27720E1600A5F96B /* GithubRepositories.swift in Sources */ = {isa = PBXBuildFile; fileRef = 90D9156B27720E1600A5F96B /* GithubRepositories.swift */; };
/* End PBXBuildFile section */

/* Begin PBXContainerItemProxy section */
		90D9153E2771A6EF00A5F96B /* PBXContainerItemProxy */ = {
			isa = PBXContainerItemProxy;
			containerPortal = 90D9151F2771A6EE00A5F96B /* Project object */;
			proxyType = 1;
			remoteGlobalIDString = 90D915262771A6EE00A5F96B;
			remoteInfo = GithubRepositorySearch;
		};
/* End PBXContainerItemProxy section */

/* Begin PBXFileReference section */
		9018990927721F5A0058AEA1 /* Alert.swift */ = {isa = PBXFileReference; lastKnownFileType = sourcecode.swift; path = Alert.swift; sourceTree = "<group>"; };
		9018990B27721F7B0058AEA1 /* UIViewController+.swift */ = {isa = PBXFileReference; lastKnownFileType = sourcecode.swift; path = "UIViewController+.swift"; sourceTree = "<group>"; };
		90D915272771A6EE00A5F96B /* GithubRepositorySearch.app */ = {isa = PBXFileReference; explicitFileType = wrapper.application; includeInIndex = 0; path = GithubRepositorySearch.app; sourceTree = BUILT_PRODUCTS_DIR; };
		90D9152A2771A6EE00A5F96B /* AppDelegate.swift */ = {isa = PBXFileReference; lastKnownFileType = sourcecode.swift; path = AppDelegate.swift; sourceTree = "<group>"; };
		90D9152C2771A6EE00A5F96B /* SceneDelegate.swift */ = {isa = PBXFileReference; lastKnownFileType = sourcecode.swift; path = SceneDelegate.swift; sourceTree = "<group>"; };
		90D9152E2771A6EE00A5F96B /* ViewController.swift */ = {isa = PBXFileReference; lastKnownFileType = sourcecode.swift; path = ViewController.swift; sourceTree = "<group>"; };
		90D915312771A6EE00A5F96B /* Base */ = {isa = PBXFileReference; lastKnownFileType = file.storyboard; name = Base; path = Base.lproj/Main.storyboard; sourceTree = "<group>"; };
		90D915332771A6EF00A5F96B /* Assets.xcassets */ = {isa = PBXFileReference; lastKnownFileType = folder.assetcatalog; path = Assets.xcassets; sourceTree = "<group>"; };
		90D915362771A6EF00A5F96B /* Base */ = {isa = PBXFileReference; lastKnownFileType = file.storyboard; name = Base; path = Base.lproj/LaunchScreen.storyboard; sourceTree = "<group>"; };
		90D915382771A6EF00A5F96B /* Info.plist */ = {isa = PBXFileReference; lastKnownFileType = text.plist.xml; path = Info.plist; sourceTree = "<group>"; };
		90D9153D2771A6EF00A5F96B /* GithubRepositorySearchTests.xctest */ = {isa = PBXFileReference; explicitFileType = wrapper.cfbundle; includeInIndex = 0; path = GithubRepositorySearchTests.xctest; sourceTree = BUILT_PRODUCTS_DIR; };
		90D915412771A6EF00A5F96B /* GithubRepositorySearchTests.swift */ = {isa = PBXFileReference; lastKnownFileType = sourcecode.swift; path = GithubRepositorySearchTests.swift; sourceTree = "<group>"; };
		90D9155B2771A9EA00A5F96B /* ApiClient.swift */ = {isa = PBXFileReference; lastKnownFileType = sourcecode.swift; path = ApiClient.swift; sourceTree = "<group>"; };
		90D9155E2771ACB700A5F96B /* String+.swift */ = {isa = PBXFileReference; lastKnownFileType = sourcecode.swift; path = "String+.swift"; sourceTree = "<group>"; };
		90D915632771B1C800A5F96B /* GithubSearchCode.swift */ = {isa = PBXFileReference; lastKnownFileType = sourcecode.swift; path = GithubSearchCode.swift; sourceTree = "<group>"; };
		90D915652771E3C500A5F96B /* ApiConfiguration.swift */ = {isa = PBXFileReference; lastKnownFileType = sourcecode.swift; path = ApiConfiguration.swift; sourceTree = "<group>"; };
		90D915672771E43100A5F96B /* URI.swift */ = {isa = PBXFileReference; lastKnownFileType = sourcecode.swift; path = URI.swift; sourceTree = "<group>"; };
		90D915692772054000A5F96B /* Throttle.swift */ = {isa = PBXFileReference; lastKnownFileType = sourcecode.swift; path = Throttle.swift; sourceTree = "<group>"; };
		90D9156B27720E1600A5F96B /* GithubRepositories.swift */ = {isa = PBXFileReference; lastKnownFileType = sourcecode.swift; path = GithubRepositories.swift; sourceTree = "<group>"; };
/* End PBXFileReference section */

/* Begin PBXFrameworksBuildPhase section */
		90D915242771A6EE00A5F96B /* Frameworks */ = {
			isa = PBXFrameworksBuildPhase;
			buildActionMask = 2147483647;
			files = (
			);
			runOnlyForDeploymentPostprocessing = 0;
		};
		90D9153A2771A6EF00A5F96B /* Frameworks */ = {
			isa = PBXFrameworksBuildPhase;
			buildActionMask = 2147483647;
			files = (
			);
			runOnlyForDeploymentPostprocessing = 0;
		};
/* End PBXFrameworksBuildPhase section */

/* Begin PBXGroup section */
		9018990827721F4D0058AEA1 /* UIKit */ = {
			isa = PBXGroup;
			children = (
				9018990927721F5A0058AEA1 /* Alert.swift */,
			);
			path = UIKit;
			sourceTree = "<group>";
		};
		90D9151E2771A6EE00A5F96B = {
			isa = PBXGroup;
			children = (
				90D915292771A6EE00A5F96B /* GithubRepositorySearch */,
				90D915402771A6EF00A5F96B /* GithubRepositorySearchTests */,
				90D915282771A6EE00A5F96B /* Products */,
			);
			sourceTree = "<group>";
		};
		90D915282771A6EE00A5F96B /* Products */ = {
			isa = PBXGroup;
			children = (
				90D915272771A6EE00A5F96B /* GithubRepositorySearch.app */,
				90D9153D2771A6EF00A5F96B /* GithubRepositorySearchTests.xctest */,
			);
			name = Products;
			sourceTree = "<group>";
		};
		90D915292771A6EE00A5F96B /* GithubRepositorySearch */ = {
			isa = PBXGroup;
			children = (
				90D9152A2771A6EE00A5F96B /* AppDelegate.swift */,
				90D9152C2771A6EE00A5F96B /* SceneDelegate.swift */,
				90D9152E2771A6EE00A5F96B /* ViewController.swift */,
				9018990827721F4D0058AEA1 /* UIKit */,
				90D9155D2771ACA800A5F96B /* Extension */,
				90D9155A2771A9DE00A5F96B /* Model */,
				90D915302771A6EE00A5F96B /* Main.storyboard */,
				90D915332771A6EF00A5F96B /* Assets.xcassets */,
				90D915352771A6EF00A5F96B /* LaunchScreen.storyboard */,
				90D915382771A6EF00A5F96B /* Info.plist */,
			);
			path = GithubRepositorySearch;
			sourceTree = "<group>";
		};
		90D915402771A6EF00A5F96B /* GithubRepositorySearchTests */ = {
			isa = PBXGroup;
			children = (
				90D915412771A6EF00A5F96B /* GithubRepositorySearchTests.swift */,
			);
			path = GithubRepositorySearchTests;
			sourceTree = "<group>";
		};
		90D9155A2771A9DE00A5F96B /* Model */ = {
			isa = PBXGroup;
			children = (
				90D9155B2771A9EA00A5F96B /* ApiClient.swift */,
				90D915632771B1C800A5F96B /* GithubSearchCode.swift */,
				90D915652771E3C500A5F96B /* ApiConfiguration.swift */,
				90D915672771E43100A5F96B /* URI.swift */,
				90D915692772054000A5F96B /* Throttle.swift */,
				90D9156B27720E1600A5F96B /* GithubRepositories.swift */,
			);
			path = Model;
			sourceTree = "<group>";
		};
		90D9155D2771ACA800A5F96B /* Extension */ = {
			isa = PBXGroup;
			children = (
				90D9155E2771ACB700A5F96B /* String+.swift */,
				9018990B27721F7B0058AEA1 /* UIViewController+.swift */,
			);
			path = Extension;
			sourceTree = "<group>";
		};
/* End PBXGroup section */

/* Begin PBXNativeTarget section */
		90D915262771A6EE00A5F96B /* GithubRepositorySearch */ = {
			isa = PBXNativeTarget;
			buildConfigurationList = 90D915512771A6EF00A5F96B /* Build configuration list for PBXNativeTarget "GithubRepositorySearch" */;
			buildPhases = (
				90D915232771A6EE00A5F96B /* Sources */,
				90D915242771A6EE00A5F96B /* Frameworks */,
				90D915252771A6EE00A5F96B /* Resources */,
			);
			buildRules = (
			);
			dependencies = (
			);
			name = GithubRepositorySearch;
			productName = GithubRepositorySearch;
			productReference = 90D915272771A6EE00A5F96B /* GithubRepositorySearch.app */;
			productType = "com.apple.product-type.application";
		};
		90D9153C2771A6EF00A5F96B /* GithubRepositorySearchTests */ = {
			isa = PBXNativeTarget;
			buildConfigurationList = 90D915542771A6EF00A5F96B /* Build configuration list for PBXNativeTarget "GithubRepositorySearchTests" */;
			buildPhases = (
				90D915392771A6EF00A5F96B /* Sources */,
				90D9153A2771A6EF00A5F96B /* Frameworks */,
				90D9153B2771A6EF00A5F96B /* Resources */,
			);
			buildRules = (
			);
			dependencies = (
				90D9153F2771A6EF00A5F96B /* PBXTargetDependency */,
			);
			name = GithubRepositorySearchTests;
			productName = GithubRepositorySearchTests;
			productReference = 90D9153D2771A6EF00A5F96B /* GithubRepositorySearchTests.xctest */;
			productType = "com.apple.product-type.bundle.unit-test";
		};
/* End PBXNativeTarget section */

/* Begin PBXProject section */
		90D9151F2771A6EE00A5F96B /* Project object */ = {
			isa = PBXProject;
			attributes = {
				BuildIndependentTargetsInParallel = 1;
				LastSwiftUpdateCheck = 1310;
				LastUpgradeCheck = 1310;
				TargetAttributes = {
					90D915262771A6EE00A5F96B = {
						CreatedOnToolsVersion = 13.1;
					};
					90D9153C2771A6EF00A5F96B = {
						CreatedOnToolsVersion = 13.1;
						TestTargetID = 90D915262771A6EE00A5F96B;
					};
				};
			};
			buildConfigurationList = 90D915222771A6EE00A5F96B /* Build configuration list for PBXProject "GithubRepositorySearch" */;
			compatibilityVersion = "Xcode 13.0";
			developmentRegion = en;
			hasScannedForEncodings = 0;
			knownRegions = (
				en,
				Base,
			);
			mainGroup = 90D9151E2771A6EE00A5F96B;
			productRefGroup = 90D915282771A6EE00A5F96B /* Products */;
			projectDirPath = "";
			projectRoot = "";
			targets = (
				90D915262771A6EE00A5F96B /* GithubRepositorySearch */,
				90D9153C2771A6EF00A5F96B /* GithubRepositorySearchTests */,
			);
		};
/* End PBXProject section */

/* Begin PBXResourcesBuildPhase section */
		90D915252771A6EE00A5F96B /* Resources */ = {
			isa = PBXResourcesBuildPhase;
			buildActionMask = 2147483647;
			files = (
				90D915372771A6EF00A5F96B /* LaunchScreen.storyboard in Resources */,
				90D915342771A6EF00A5F96B /* Assets.xcassets in Resources */,
				90D915322771A6EE00A5F96B /* Main.storyboard in Resources */,
			);
			runOnlyForDeploymentPostprocessing = 0;
		};
		90D9153B2771A6EF00A5F96B /* Resources */ = {
			isa = PBXResourcesBuildPhase;
			buildActionMask = 2147483647;
			files = (
			);
			runOnlyForDeploymentPostprocessing = 0;
		};
/* End PBXResourcesBuildPhase section */

/* Begin PBXSourcesBuildPhase section */
		90D915232771A6EE00A5F96B /* Sources */ = {
			isa = PBXSourcesBuildPhase;
			buildActionMask = 2147483647;
			files = (
				90D9152F2771A6EE00A5F96B /* ViewController.swift in Sources */,
				90D9156A2772054000A5F96B /* Throttle.swift in Sources */,
				90D9152B2771A6EE00A5F96B /* AppDelegate.swift in Sources */,
				90D9155F2771ACB700A5F96B /* String+.swift in Sources */,
				90D9152D2771A6EE00A5F96B /* SceneDelegate.swift in Sources */,
				9018990A27721F5A0058AEA1 /* Alert.swift in Sources */,
				90D915682771E43100A5F96B /* URI.swift in Sources */,
				90D915642771B1C800A5F96B /* GithubSearchCode.swift in Sources */,
				9018990C27721F7B0058AEA1 /* UIViewController+.swift in Sources */,
				90D915662771E3C500A5F96B /* ApiConfiguration.swift in Sources */,
				90D9156C27720E1600A5F96B /* GithubRepositories.swift in Sources */,
				90D9155C2771A9EA00A5F96B /* ApiClient.swift in Sources */,
			);
			runOnlyForDeploymentPostprocessing = 0;
		};
		90D915392771A6EF00A5F96B /* Sources */ = {
			isa = PBXSourcesBuildPhase;
			buildActionMask = 2147483647;
			files = (
				90D915422771A6EF00A5F96B /* GithubRepositorySearchTests.swift in Sources */,
			);
			runOnlyForDeploymentPostprocessing = 0;
		};
/* End PBXSourcesBuildPhase section */

/* Begin PBXTargetDependency section */
		90D9153F2771A6EF00A5F96B /* PBXTargetDependency */ = {
			isa = PBXTargetDependency;
			target = 90D915262771A6EE00A5F96B /* GithubRepositorySearch */;
			targetProxy = 90D9153E2771A6EF00A5F96B /* PBXContainerItemProxy */;
		};
/* End PBXTargetDependency section */

/* Begin PBXVariantGroup section */
		90D915302771A6EE00A5F96B /* Main.storyboard */ = {
			isa = PBXVariantGroup;
			children = (
				90D915312771A6EE00A5F96B /* Base */,
			);
			name = Main.storyboard;
			sourceTree = "<group>";
		};
		90D915352771A6EF00A5F96B /* LaunchScreen.storyboard */ = {
			isa = PBXVariantGroup;
			children = (
				90D915362771A6EF00A5F96B /* Base */,
			);
			name = LaunchScreen.storyboard;
			sourceTree = "<group>";
		};
/* End PBXVariantGroup section */

/* Begin XCBuildConfiguration section */
		90D9154F2771A6EF00A5F96B /* Debug */ = {
			isa = XCBuildConfiguration;
			buildSettings = {
				ALWAYS_SEARCH_USER_PATHS = NO;
				CLANG_ANALYZER_NONNULL = YES;
				CLANG_ANALYZER_NUMBER_OBJECT_CONVERSION = YES_AGGRESSIVE;
				CLANG_CXX_LANGUAGE_STANDARD = "gnu++17";
				CLANG_CXX_LIBRARY = "libc++";
				CLANG_ENABLE_MODULES = YES;
				CLANG_ENABLE_OBJC_ARC = YES;
				CLANG_ENABLE_OBJC_WEAK = YES;
				CLANG_WARN_BLOCK_CAPTURE_AUTORELEASING = YES;
				CLANG_WARN_BOOL_CONVERSION = YES;
				CLANG_WARN_COMMA = YES;
				CLANG_WARN_CONSTANT_CONVERSION = YES;
				CLANG_WARN_DEPRECATED_OBJC_IMPLEMENTATIONS = YES;
				CLANG_WARN_DIRECT_OBJC_ISA_USAGE = YES_ERROR;
				CLANG_WARN_DOCUMENTATION_COMMENTS = YES;
				CLANG_WARN_EMPTY_BODY = YES;
				CLANG_WARN_ENUM_CONVERSION = YES;
				CLANG_WARN_INFINITE_RECURSION = YES;
				CLANG_WARN_INT_CONVERSION = YES;
				CLANG_WARN_NON_LITERAL_NULL_CONVERSION = YES;
				CLANG_WARN_OBJC_IMPLICIT_RETAIN_SELF = YES;
				CLANG_WARN_OBJC_LITERAL_CONVERSION = YES;
				CLANG_WARN_OBJC_ROOT_CLASS = YES_ERROR;
				CLANG_WARN_QUOTED_INCLUDE_IN_FRAMEWORK_HEADER = YES;
				CLANG_WARN_RANGE_LOOP_ANALYSIS = YES;
				CLANG_WARN_STRICT_PROTOTYPES = YES;
				CLANG_WARN_SUSPICIOUS_MOVE = YES;
				CLANG_WARN_UNGUARDED_AVAILABILITY = YES_AGGRESSIVE;
				CLANG_WARN_UNREACHABLE_CODE = YES;
				CLANG_WARN__DUPLICATE_METHOD_MATCH = YES;
				COPY_PHASE_STRIP = NO;
				DEBUG_INFORMATION_FORMAT = dwarf;
				ENABLE_STRICT_OBJC_MSGSEND = YES;
				ENABLE_TESTABILITY = YES;
				GCC_C_LANGUAGE_STANDARD = gnu11;
				GCC_DYNAMIC_NO_PIC = NO;
				GCC_NO_COMMON_BLOCKS = YES;
				GCC_OPTIMIZATION_LEVEL = 0;
				GCC_PREPROCESSOR_DEFINITIONS = (
					"DEBUG=1",
					"$(inherited)",
				);
				GCC_WARN_64_TO_32_BIT_CONVERSION = YES;
				GCC_WARN_ABOUT_RETURN_TYPE = YES_ERROR;
				GCC_WARN_UNDECLARED_SELECTOR = YES;
				GCC_WARN_UNINITIALIZED_AUTOS = YES_AGGRESSIVE;
				GCC_WARN_UNUSED_FUNCTION = YES;
				GCC_WARN_UNUSED_VARIABLE = YES;
				IPHONEOS_DEPLOYMENT_TARGET = 15.0;
				MTL_ENABLE_DEBUG_INFO = INCLUDE_SOURCE;
				MTL_FAST_MATH = YES;
				ONLY_ACTIVE_ARCH = YES;
				SDKROOT = iphoneos;
				SWIFT_ACTIVE_COMPILATION_CONDITIONS = DEBUG;
				SWIFT_OPTIMIZATION_LEVEL = "-Onone";
			};
			name = Debug;
		};
		90D915502771A6EF00A5F96B /* Release */ = {
			isa = XCBuildConfiguration;
			buildSettings = {
				ALWAYS_SEARCH_USER_PATHS = NO;
				CLANG_ANALYZER_NONNULL = YES;
				CLANG_ANALYZER_NUMBER_OBJECT_CONVERSION = YES_AGGRESSIVE;
				CLANG_CXX_LANGUAGE_STANDARD = "gnu++17";
				CLANG_CXX_LIBRARY = "libc++";
				CLANG_ENABLE_MODULES = YES;
				CLANG_ENABLE_OBJC_ARC = YES;
				CLANG_ENABLE_OBJC_WEAK = YES;
				CLANG_WARN_BLOCK_CAPTURE_AUTORELEASING = YES;
				CLANG_WARN_BOOL_CONVERSION = YES;
				CLANG_WARN_COMMA = YES;
				CLANG_WARN_CONSTANT_CONVERSION = YES;
				CLANG_WARN_DEPRECATED_OBJC_IMPLEMENTATIONS = YES;
				CLANG_WARN_DIRECT_OBJC_ISA_USAGE = YES_ERROR;
				CLANG_WARN_DOCUMENTATION_COMMENTS = YES;
				CLANG_WARN_EMPTY_BODY = YES;
				CLANG_WARN_ENUM_CONVERSION = YES;
				CLANG_WARN_INFINITE_RECURSION = YES;
				CLANG_WARN_INT_CONVERSION = YES;
				CLANG_WARN_NON_LITERAL_NULL_CONVERSION = YES;
				CLANG_WARN_OBJC_IMPLICIT_RETAIN_SELF = YES;
				CLANG_WARN_OBJC_LITERAL_CONVERSION = YES;
				CLANG_WARN_OBJC_ROOT_CLASS = YES_ERROR;
				CLANG_WARN_QUOTED_INCLUDE_IN_FRAMEWORK_HEADER = YES;
				CLANG_WARN_RANGE_LOOP_ANALYSIS = YES;
				CLANG_WARN_STRICT_PROTOTYPES = YES;
				CLANG_WARN_SUSPICIOUS_MOVE = YES;
				CLANG_WARN_UNGUARDED_AVAILABILITY = YES_AGGRESSIVE;
				CLANG_WARN_UNREACHABLE_CODE = YES;
				CLANG_WARN__DUPLICATE_METHOD_MATCH = YES;
				COPY_PHASE_STRIP = NO;
				DEBUG_INFORMATION_FORMAT = "dwarf-with-dsym";
				ENABLE_NS_ASSERTIONS = NO;
				ENABLE_STRICT_OBJC_MSGSEND = YES;
				GCC_C_LANGUAGE_STANDARD = gnu11;
				GCC_NO_COMMON_BLOCKS = YES;
				GCC_WARN_64_TO_32_BIT_CONVERSION = YES;
				GCC_WARN_ABOUT_RETURN_TYPE = YES_ERROR;
				GCC_WARN_UNDECLARED_SELECTOR = YES;
				GCC_WARN_UNINITIALIZED_AUTOS = YES_AGGRESSIVE;
				GCC_WARN_UNUSED_FUNCTION = YES;
				GCC_WARN_UNUSED_VARIABLE = YES;
				IPHONEOS_DEPLOYMENT_TARGET = 15.0;
				MTL_ENABLE_DEBUG_INFO = NO;
				MTL_FAST_MATH = YES;
				SDKROOT = iphoneos;
				SWIFT_COMPILATION_MODE = wholemodule;
				SWIFT_OPTIMIZATION_LEVEL = "-O";
				VALIDATE_PRODUCT = YES;
			};
			name = Release;
		};
		90D915522771A6EF00A5F96B /* Debug */ = {
			isa = XCBuildConfiguration;
			buildSettings = {
				ASSETCATALOG_COMPILER_APPICON_NAME = AppIcon;
				ASSETCATALOG_COMPILER_GLOBAL_ACCENT_COLOR_NAME = AccentColor;
				CODE_SIGN_STYLE = Automatic;
				CURRENT_PROJECT_VERSION = 1;
				DEVELOPMENT_TEAM = B2ZWZ6Y9S2;
				GENERATE_INFOPLIST_FILE = YES;
				INFOPLIST_FILE = GithubRepositorySearch/Info.plist;
				INFOPLIST_KEY_UIApplicationSupportsIndirectInputEvents = YES;
				INFOPLIST_KEY_UILaunchStoryboardName = LaunchScreen;
				INFOPLIST_KEY_UIMainStoryboardFile = Main;
				INFOPLIST_KEY_UISupportedInterfaceOrientations_iPad = "UIInterfaceOrientationPortrait UIInterfaceOrientationPortraitUpsideDown UIInterfaceOrientationLandscapeLeft UIInterfaceOrientationLandscapeRight";
				INFOPLIST_KEY_UISupportedInterfaceOrientations_iPhone = "UIInterfaceOrientationPortrait UIInterfaceOrientationLandscapeLeft UIInterfaceOrientationLandscapeRight";
				IPHONEOS_DEPLOYMENT_TARGET = 15.0;
				LD_RUNPATH_SEARCH_PATHS = (
					"$(inherited)",
					"@executable_path/Frameworks",
				);
				MARKETING_VERSION = 1.0;
				PRODUCT_BUNDLE_IDENTIFIER = com.shichimitoucarashi.com.GithubRepositorySearch;
				PRODUCT_NAME = "$(TARGET_NAME)";
				SWIFT_EMIT_LOC_STRINGS = YES;
				SWIFT_VERSION = 5.0;
				TARGETED_DEVICE_FAMILY = "1,2";
			};
			name = Debug;
		};
		90D915532771A6EF00A5F96B /* Release */ = {
			isa = XCBuildConfiguration;
			buildSettings = {
				ASSETCATALOG_COMPILER_APPICON_NAME = AppIcon;
				ASSETCATALOG_COMPILER_GLOBAL_ACCENT_COLOR_NAME = AccentColor;
				CODE_SIGN_STYLE = Automatic;
				CURRENT_PROJECT_VERSION = 1;
				DEVELOPMENT_TEAM = B2ZWZ6Y9S2;
				GENERATE_INFOPLIST_FILE = YES;
				INFOPLIST_FILE = GithubRepositorySearch/Info.plist;
				INFOPLIST_KEY_UIApplicationSupportsIndirectInputEvents = YES;
				INFOPLIST_KEY_UILaunchStoryboardName = LaunchScreen;
				INFOPLIST_KEY_UIMainStoryboardFile = Main;
				INFOPLIST_KEY_UISupportedInterfaceOrientations_iPad = "UIInterfaceOrientationPortrait UIInterfaceOrientationPortraitUpsideDown UIInterfaceOrientationLandscapeLeft UIInterfaceOrientationLandscapeRight";
				INFOPLIST_KEY_UISupportedInterfaceOrientations_iPhone = "UIInterfaceOrientationPortrait UIInterfaceOrientationLandscapeLeft UIInterfaceOrientationLandscapeRight";
				IPHONEOS_DEPLOYMENT_TARGET = 15.0;
				LD_RUNPATH_SEARCH_PATHS = (
					"$(inherited)",
					"@executable_path/Frameworks",
				);
				MARKETING_VERSION = 1.0;
				PRODUCT_BUNDLE_IDENTIFIER = com.shichimitoucarashi.com.GithubRepositorySearch;
				PRODUCT_NAME = "$(TARGET_NAME)";
				SWIFT_EMIT_LOC_STRINGS = YES;
				SWIFT_VERSION = 5.0;
				TARGETED_DEVICE_FAMILY = "1,2";
			};
			name = Release;
		};
		90D915552771A6EF00A5F96B /* Debug */ = {
			isa = XCBuildConfiguration;
			buildSettings = {
				ALWAYS_EMBED_SWIFT_STANDARD_LIBRARIES = YES;
				BUNDLE_LOADER = "$(TEST_HOST)";
				CODE_SIGN_STYLE = Automatic;
				CURRENT_PROJECT_VERSION = 1;
				DEVELOPMENT_TEAM = B2ZWZ6Y9S2;
				GENERATE_INFOPLIST_FILE = YES;
				IPHONEOS_DEPLOYMENT_TARGET = 15.0;
				LD_RUNPATH_SEARCH_PATHS = (
					"$(inherited)",
					"@executable_path/Frameworks",
					"@loader_path/Frameworks",
				);
				MARKETING_VERSION = 1.0;
				PRODUCT_BUNDLE_IDENTIFIER = com.shichimitoucarashi.com.GithubRepositorySearchTests;
				PRODUCT_NAME = "$(TARGET_NAME)";
				SWIFT_EMIT_LOC_STRINGS = NO;
				SWIFT_VERSION = 5.0;
				TARGETED_DEVICE_FAMILY = "1,2";
				TEST_HOST = "$(BUILT_PRODUCTS_DIR)/GithubRepositorySearch.app/GithubRepositorySearch";
			};
			name = Debug;
		};
		90D915562771A6EF00A5F96B /* Release */ = {
			isa = XCBuildConfiguration;
			buildSettings = {
				ALWAYS_EMBED_SWIFT_STANDARD_LIBRARIES = YES;
				BUNDLE_LOADER = "$(TEST_HOST)";
				CODE_SIGN_STYLE = Automatic;
				CURRENT_PROJECT_VERSION = 1;
				DEVELOPMENT_TEAM = B2ZWZ6Y9S2;
				GENERATE_INFOPLIST_FILE = YES;
				IPHONEOS_DEPLOYMENT_TARGET = 15.0;
				LD_RUNPATH_SEARCH_PATHS = (
					"$(inherited)",
					"@executable_path/Frameworks",
					"@loader_path/Frameworks",
				);
				MARKETING_VERSION = 1.0;
				PRODUCT_BUNDLE_IDENTIFIER = com.shichimitoucarashi.com.GithubRepositorySearchTests;
				PRODUCT_NAME = "$(TARGET_NAME)";
				SWIFT_EMIT_LOC_STRINGS = NO;
				SWIFT_VERSION = 5.0;
				TARGETED_DEVICE_FAMILY = "1,2";
				TEST_HOST = "$(BUILT_PRODUCTS_DIR)/GithubRepositorySearch.app/GithubRepositorySearch";
			};
			name = Release;
		};
/* End XCBuildConfiguration section */

/* Begin XCConfigurationList section */
		90D915222771A6EE00A5F96B /* Build configuration list for PBXProject "GithubRepositorySearch" */ = {
			isa = XCConfigurationList;
			buildConfigurations = (
				90D9154F2771A6EF00A5F96B /* Debug */,
				90D915502771A6EF00A5F96B /* Release */,
			);
			defaultConfigurationIsVisible = 0;
			defaultConfigurationName = Release;
		};
		90D915512771A6EF00A5F96B /* Build configuration list for PBXNativeTarget "GithubRepositorySearch" */ = {
			isa = XCConfigurationList;
			buildConfigurations = (
				90D915522771A6EF00A5F96B /* Debug */,
				90D915532771A6EF00A5F96B /* Release */,
			);
			defaultConfigurationIsVisible = 0;
			defaultConfigurationName = Release;
		};
		90D915542771A6EF00A5F96B /* Build configuration list for PBXNativeTarget "GithubRepositorySearchTests" */ = {
			isa = XCConfigurationList;
			buildConfigurations = (
				90D915552771A6EF00A5F96B /* Debug */,
				90D915562771A6EF00A5F96B /* Release */,
			);
			defaultConfigurationIsVisible = 0;
			defaultConfigurationName = Release;
		};
/* End XCConfigurationList section */
	};
	rootObject = 90D9151F2771A6EE00A5F96B /* Project object */;
}
